
Microsoft Visual Studio Solution File, Format Version 12.00
# Visual Studio 2013
VisualStudioVersion = 12.0.21005.1
MinimumVisualStudioVersion = 10.0.40219.1
Project("{FAE04EC0-301F-11D3-BF4B-00C04F79EFBC}") = "eCinema.Core", "eCinema.Core\eCinema.Core.csproj", "{ED910E47-8AF4-4557-9035-ECF42A30F602}"
EndProject
Project("{FAE04EC0-301F-11D3-BF4B-00C04F79EFBC}") = "eCinema.Infrastructure.DataMSSQL", "eCinema.Infrastructure.DataMSSQL\eCinema.Infrastructure.DataMSSQL.csproj", "{6E9AA772-15B2-475B-826D-1B0130EB3C83}"
EndProject
Project("{FAE04EC0-301F-11D3-BF4B-00C04F79EFBC}") = "eCinema.Infrastructure.AppServices", "eCinema.Infrastructure.AppServices\eCinema.Infrastructure.AppServices.csproj", "{64222A0E-B9B7-4D6E-BFE6-4175990C94F1}"
EndProject
Project("{FAE04EC0-301F-11D3-BF4B-00C04F79EFBC}") = "eCinema.WebApp", "eCinema.WebApp\eCinema.WebApp.csproj", "{FEE63EE2-34FB-4255-9CC3-0689C3BE935A}"
EndProject
Global
	GlobalSection(SolutionConfigurationPlatforms) = preSolution
		Debug|Any CPU = Debug|Any CPU
		Release|Any CPU = Release|Any CPU
	EndGlobalSection
	GlobalSection(ProjectConfigurationPlatforms) = postSolution
		{ED910E47-8AF4-4557-9035-ECF42A30F602}.Debug|Any CPU.ActiveCfg = Debug|Any CPU
		{ED910E47-8AF4-4557-9035-ECF42A30F602}.Debug|Any CPU.Build.0 = Debug|Any CPU
		{ED910E47-8AF4-4557-9035-ECF42A30F602}.Release|Any CPU.ActiveCfg = Release|Any CPU
		{ED910E47-8AF4-4557-9035-ECF42A30F602}.Release|Any CPU.Build.0 = Release|Any CPU
		{6E9AA772-15B2-475B-826D-1B0130EB3C83}.Debug|Any CPU.ActiveCfg = Debug|Any CPU
		{6E9AA772-15B2-475B-826D-1B0130EB3C83}.Debug|Any CPU.Build.0 = Debug|Any CPU
		{6E9AA772-15B2-475B-826D-1B0130EB3C83}.Release|Any CPU.ActiveCfg = Release|Any CPU
		{6E9AA772-15B2-475B-826D-1B0130EB3C83}.Release|Any CPU.Build.0 = Release|Any CPU
		{64222A0E-B9B7-4D6E-BFE6-4175990C94F1}.Debug|Any CPU.ActiveCfg = Debug|Any CPU
		{64222A0E-B9B7-4D6E-BFE6-4175990C94F1}.Debug|Any CPU.Build.0 = Debug|Any CPU
		{64222A0E-B9B7-4D6E-BFE6-4175990C94F1}.Release|Any CPU.ActiveCfg = Release|Any CPU
		{64222A0E-B9B7-4D6E-BFE6-4175990C94F1}.Release|Any CPU.Build.0 = Release|Any CPU
		{FEE63EE2-34FB-4255-9CC3-0689C3BE935A}.Debug|Any CPU.ActiveCfg = Debug|Any CPU
		{FEE63EE2-34FB-4255-9CC3-0689C3BE935A}.Debug|Any CPU.Build.0 = Debug|Any CPU
		{FEE63EE2-34FB-4255-9CC3-0689C3BE935A}.Release|Any CPU.ActiveCfg = Release|Any CPU
		{FEE63EE2-34FB-4255-9CC3-0689C3BE935A}.Release|Any CPU.Build.0 = Release|Any CPU
	EndGlobalSection
	GlobalSection(SolutionProperties) = preSolution
		HideSolutionNode = FALSE
	EndGlobalSection
EndGlobal
